
Microsoft Visual Studio Solution File, Format Version 12.00
# Visual Studio Version 17
VisualStudioVersion = 17.12.35707.178
MinimumVisualStudioVersion = 10.0.40219.1
Project("{FAE04EC0-301F-11D3-BF4B-00C04F79EFBC}") = "HepaticaAI.WPFClient", "src\HepaticaAI.WPFClient\HepaticaAI.WPFClient.csproj", "{B153911B-777B-4E04-A148-3C6AC3868F37}"
EndProject
Project("{2150E333-8FDC-42A3-9474-1A3956D46DE8}") = "src", "src", "{DB08E5E4-ABC8-45C0-B2B3-AD506B9827CC}"
EndProject
Project("{2150E333-8FDC-42A3-9474-1A3956D46DE8}") = "tests", "tests", "{5D449D80-10E0-4E9D-B54F-C8D253E4611B}"
EndProject
Project("{FAE04EC0-301F-11D3-BF4B-00C04F79EFBC}") = "HepaticaAI.Brain", "src\HepaticaAI.Brain\HepaticaAI.Brain.csproj", "{BC295250-605C-44DA-8BC0-C9AE5519D2DC}"
EndProject
Project("{FAE04EC0-301F-11D3-BF4B-00C04F79EFBC}") = "HepaticaAI.Voice", "src\HepaticaAI.Voice\HepaticaAI.Voice.csproj", "{9E1C9D88-9FA2-4B76-8AD5-B7E41B94CBF1}"
EndProject
Project("{FAE04EC0-301F-11D3-BF4B-00C04F79EFBC}") = "HepaticaAI.Movement", "src\HepaticaAI.Movement\HepaticaAI.Movement.csproj", "{D68A5726-E6C4-4040-B6B2-EA7E45E64CB4}"
EndProject
Project("{FAE04EC0-301F-11D3-BF4B-00C04F79EFBC}") = "HepaticaAI.Core", "src\HepaticaAI.Core\HepaticaAI.Core.csproj", "{EDDB2003-C62E-47E8-888B-14768C22AD34}"
EndProject
Project("{FAE04EC0-301F-11D3-BF4B-00C04F79EFBC}") = "HepaticaAI.Brain.Tests", "tests\HepaticaAI.Brain.Tests\HepaticaAI.Brain.Tests.csproj", "{92EDD544-5917-4CF7-ABC2-5E6E2C1472BD}"
EndProject
Project("{FAE04EC0-301F-11D3-BF4B-00C04F79EFBC}") = "HepaticaAI.Vision", "src\HepaticaAI.Vision\HepaticaAI.Vision.csproj", "{83B0B919-0CD8-4CE9-A780-C1898E75F0C3}"
EndProject
Project("{FAE04EC0-301F-11D3-BF4B-00C04F79EFBC}") = "HepaticaAI.Vision.Tests", "tests\HepaticaAI.Vision.Tests\HepaticaAI.Vision.Tests.csproj", "{69377A33-2C20-4A5C-A1B5-CB6E8C61A5A0}"
EndProject
Project("{FAE04EC0-301F-11D3-BF4B-00C04F79EFBC}") = "HepaticaAI.Movement.Tests", "HepaticaAI.Movement.Tests\HepaticaAI.Movement.Tests.csproj", "{97CCB4F8-7CFA-4834-962B-3E3A4D783CE3}"
EndProject
Global
	GlobalSection(SolutionConfigurationPlatforms) = preSolution
		Debug|Any CPU = Debug|Any CPU
		Release|Any CPU = Release|Any CPU
	EndGlobalSection
	GlobalSection(ProjectConfigurationPlatforms) = postSolution
		{B153911B-777B-4E04-A148-3C6AC3868F37}.Debug|Any CPU.ActiveCfg = Debug|Any CPU
		{B153911B-777B-4E04-A148-3C6AC3868F37}.Debug|Any CPU.Build.0 = Debug|Any CPU
		{B153911B-777B-4E04-A148-3C6AC3868F37}.Release|Any CPU.ActiveCfg = Release|Any CPU
		{B153911B-777B-4E04-A148-3C6AC3868F37}.Release|Any CPU.Build.0 = Release|Any CPU
		{BC295250-605C-44DA-8BC0-C9AE5519D2DC}.Debug|Any CPU.ActiveCfg = Debug|Any CPU
		{BC295250-605C-44DA-8BC0-C9AE5519D2DC}.Debug|Any CPU.Build.0 = Debug|Any CPU
		{BC295250-605C-44DA-8BC0-C9AE5519D2DC}.Release|Any CPU.ActiveCfg = Release|Any CPU
		{BC295250-605C-44DA-8BC0-C9AE5519D2DC}.Release|Any CPU.Build.0 = Release|Any CPU
		{9E1C9D88-9FA2-4B76-8AD5-B7E41B94CBF1}.Debug|Any CPU.ActiveCfg = Debug|Any CPU
		{9E1C9D88-9FA2-4B76-8AD5-B7E41B94CBF1}.Debug|Any CPU.Build.0 = Debug|Any CPU
		{9E1C9D88-9FA2-4B76-8AD5-B7E41B94CBF1}.Release|Any CPU.ActiveCfg = Release|Any CPU
		{9E1C9D88-9FA2-4B76-8AD5-B7E41B94CBF1}.Release|Any CPU.Build.0 = Release|Any CPU
		{D68A5726-E6C4-4040-B6B2-EA7E45E64CB4}.Debug|Any CPU.ActiveCfg = Debug|Any CPU
		{D68A5726-E6C4-4040-B6B2-EA7E45E64CB4}.Debug|Any CPU.Build.0 = Debug|Any CPU
		{D68A5726-E6C4-4040-B6B2-EA7E45E64CB4}.Release|Any CPU.ActiveCfg = Release|Any CPU
		{D68A5726-E6C4-4040-B6B2-EA7E45E64CB4}.Release|Any CPU.Build.0 = Release|Any CPU
		{EDDB2003-C62E-47E8-888B-14768C22AD34}.Debug|Any CPU.ActiveCfg = Debug|Any CPU
		{EDDB2003-C62E-47E8-888B-14768C22AD34}.Debug|Any CPU.Build.0 = Debug|Any CPU
		{EDDB2003-C62E-47E8-888B-14768C22AD34}.Release|Any CPU.ActiveCfg = Release|Any CPU
		{EDDB2003-C62E-47E8-888B-14768C22AD34}.Release|Any CPU.Build.0 = Release|Any CPU
		{92EDD544-5917-4CF7-ABC2-5E6E2C1472BD}.Debug|Any CPU.ActiveCfg = Debug|Any CPU
		{92EDD544-5917-4CF7-ABC2-5E6E2C1472BD}.Debug|Any CPU.Build.0 = Debug|Any CPU
		{92EDD544-5917-4CF7-ABC2-5E6E2C1472BD}.Release|Any CPU.ActiveCfg = Release|Any CPU
		{92EDD544-5917-4CF7-ABC2-5E6E2C1472BD}.Release|Any CPU.Build.0 = Release|Any CPU
		{83B0B919-0CD8-4CE9-A780-C1898E75F0C3}.Debug|Any CPU.ActiveCfg = Debug|Any CPU
		{83B0B919-0CD8-4CE9-A780-C1898E75F0C3}.Debug|Any CPU.Build.0 = Debug|Any CPU
		{83B0B919-0CD8-4CE9-A780-C1898E75F0C3}.Release|Any CPU.ActiveCfg = Release|Any CPU
		{83B0B919-0CD8-4CE9-A780-C1898E75F0C3}.Release|Any CPU.Build.0 = Release|Any CPU
		{69377A33-2C20-4A5C-A1B5-CB6E8C61A5A0}.Debug|Any CPU.ActiveCfg = Debug|Any CPU
		{69377A33-2C20-4A5C-A1B5-CB6E8C61A5A0}.Debug|Any CPU.Build.0 = Debug|Any CPU
		{69377A33-2C20-4A5C-A1B5-CB6E8C61A5A0}.Release|Any CPU.ActiveCfg = Release|Any CPU
		{69377A33-2C20-4A5C-A1B5-CB6E8C61A5A0}.Release|Any CPU.Build.0 = Release|Any CPU
		{97CCB4F8-7CFA-4834-962B-3E3A4D783CE3}.Debug|Any CPU.ActiveCfg = Debug|Any CPU
		{97CCB4F8-7CFA-4834-962B-3E3A4D783CE3}.Debug|Any CPU.Build.0 = Debug|Any CPU
		{97CCB4F8-7CFA-4834-962B-3E3A4D783CE3}.Release|Any CPU.ActiveCfg = Release|Any CPU
		{97CCB4F8-7CFA-4834-962B-3E3A4D783CE3}.Release|Any CPU.Build.0 = Release|Any CPU
	EndGlobalSection
	GlobalSection(SolutionProperties) = preSolution
		HideSolutionNode = FALSE
	EndGlobalSection
	GlobalSection(NestedProjects) = preSolution
		{B153911B-777B-4E04-A148-3C6AC3868F37} = {DB08E5E4-ABC8-45C0-B2B3-AD506B9827CC}
		{BC295250-605C-44DA-8BC0-C9AE5519D2DC} = {DB08E5E4-ABC8-45C0-B2B3-AD506B9827CC}
		{9E1C9D88-9FA2-4B76-8AD5-B7E41B94CBF1} = {DB08E5E4-ABC8-45C0-B2B3-AD506B9827CC}
		{D68A5726-E6C4-4040-B6B2-EA7E45E64CB4} = {DB08E5E4-ABC8-45C0-B2B3-AD506B9827CC}
		{EDDB2003-C62E-47E8-888B-14768C22AD34} = {DB08E5E4-ABC8-45C0-B2B3-AD506B9827CC}
		{92EDD544-5917-4CF7-ABC2-5E6E2C1472BD} = {5D449D80-10E0-4E9D-B54F-C8D253E4611B}
		{83B0B919-0CD8-4CE9-A780-C1898E75F0C3} = {DB08E5E4-ABC8-45C0-B2B3-AD506B9827CC}
		{69377A33-2C20-4A5C-A1B5-CB6E8C61A5A0} = {5D449D80-10E0-4E9D-B54F-C8D253E4611B}
		{97CCB4F8-7CFA-4834-962B-3E3A4D783CE3} = {5D449D80-10E0-4E9D-B54F-C8D253E4611B}
	EndGlobalSection
EndGlobal
