
Microsoft Visual Studio Solution File, Format Version 12.00
# Visual Studio Version 17
VisualStudioVersion = 17.12.35707.178
MinimumVisualStudioVersion = 10.0.40219.1
Project("{FAE04EC0-301F-11D3-BF4B-00C04F79EFBC}") = "HepaticaAI.WPFClient", "src\HepaticaAI.WPFClient\HepaticaAI.WPFClient.csproj", "{B153911B-777B-4E04-A148-3C6AC3868F37}"
EndProject
Project("{2150E333-8FDC-42A3-9474-1A3956D46DE8}") = "src", "src", "{DB08E5E4-ABC8-45C0-B2B3-AD506B9827CC}"
EndProject
Project("{2150E333-8FDC-42A3-9474-1A3956D46DE8}") = "tests", "tests", "{5D449D80-10E0-4E9D-B54F-C8D253E4611B}"
EndProject
Global
	GlobalSection(SolutionConfigurationPlatforms) = preSolution
		Debug|Any CPU = Debug|Any CPU
		Release|Any CPU = Release|Any CPU
	EndGlobalSection
	GlobalSection(ProjectConfigurationPlatforms) = postSolution
		{B153911B-777B-4E04-A148-3C6AC3868F37}.Debug|Any CPU.ActiveCfg = Debug|Any CPU
		{B153911B-777B-4E04-A148-3C6AC3868F37}.Debug|Any CPU.Build.0 = Debug|Any CPU
		{B153911B-777B-4E04-A148-3C6AC3868F37}.Release|Any CPU.ActiveCfg = Release|Any CPU
		{B153911B-777B-4E04-A148-3C6AC3868F37}.Release|Any CPU.Build.0 = Release|Any CPU
	EndGlobalSection
	GlobalSection(SolutionProperties) = preSolution
		HideSolutionNode = FALSE
	EndGlobalSection
	GlobalSection(NestedProjects) = preSolution
		{B153911B-777B-4E04-A148-3C6AC3868F37} = {DB08E5E4-ABC8-45C0-B2B3-AD506B9827CC}
	EndGlobalSection
EndGlobal
